
Microsoft Visual Studio Solution File, Format Version 12.00
# Visual Studio Version 16
VisualStudioVersion = 16.0.31005.135
MinimumVisualStudioVersion = 10.0.40219.1
Project("{FAE04EC0-301F-11D3-BF4B-00C04F79EFBC}") = "Uno Game", "Uno Game\Uno Game.csproj", "{BF00654E-742C-4DF1-B9C6-82810BB842E0}"
EndProject
Global
	GlobalSection(SolutionConfigurationPlatforms) = preSolution
		Debug|Any CPU = Debug|Any CPU
		Release|Any CPU = Release|Any CPU
	EndGlobalSection
	GlobalSection(ProjectConfigurationPlatforms) = postSolution
		{BF00654E-742C-4DF1-B9C6-82810BB842E0}.Debug|Any CPU.ActiveCfg = Debug|Any CPU
		{BF00654E-742C-4DF1-B9C6-82810BB842E0}.Debug|Any CPU.Build.0 = Debug|Any CPU
		{BF00654E-742C-4DF1-B9C6-82810BB842E0}.Release|Any CPU.ActiveCfg = Release|Any CPU
		{BF00654E-742C-4DF1-B9C6-82810BB842E0}.Release|Any CPU.Build.0 = Release|Any CPU
	EndGlobalSection
	GlobalSection(SolutionProperties) = preSolution
		HideSolutionNode = FALSE
	EndGlobalSection
	GlobalSection(ExtensibilityGlobals) = postSolution
		SolutionGuid = {33603A79-2A0C-42EC-9AB9-DE0D6B7C3D0D}
	EndGlobalSection
EndGlobal
